// !$*UTF8*$!
{
	archiveVersion = 1;
	classes = {
	};
	objectVersion = 46;
	objects = {

/* Begin PBXBuildFile section */
		922E54811946C78200449332 /* main.m in Sources */ = {isa = PBXBuildFile; fileRef = 922E54801946C78200449332 /* main.m */; };
		922E54841946C78200449332 /* AppDelegate.m in Sources */ = {isa = PBXBuildFile; fileRef = 922E54831946C78200449332 /* AppDelegate.m */; };
		922E54861946C78200449332 /* Images.xcassets in Resources */ = {isa = PBXBuildFile; fileRef = 922E54851946C78200449332 /* Images.xcassets */; };
		922E549D1946C7F700449332 /* SADemo01ViewController.m in Sources */ = {isa = PBXBuildFile; fileRef = 922E549C1946C7F700449332 /* SADemo01ViewController.m */; };
		922E54A01946C8DB00449332 /* SAScrollingHelper.m in Sources */ = {isa = PBXBuildFile; fileRef = 922E549F1946C8DB00449332 /* SAScrollingHelper.m */; };
		92CC1C2E1946FE2D00B4554F /* UIColor+FlatUIColors.m in Sources */ = {isa = PBXBuildFile; fileRef = 92CC1C2D1946FE2D00B4554F /* UIColor+FlatUIColors.m */; };
		92E2DEAE1A19A48800477DD5 /* SADemo02ViewController.m in Sources */ = {isa = PBXBuildFile; fileRef = 92E2DEAD1A19A48800477DD5 /* SADemo02ViewController.m */; };
		92ECBA8B1948563C00AFB10E /* SATopViewController.m in Sources */ = {isa = PBXBuildFile; fileRef = 92ECBA8A1948563C00AFB10E /* SATopViewController.m */; };
/* End PBXBuildFile section */

/* Begin PBXContainerItemProxy section */
		922E548C1946C78200449332 /* PBXContainerItemProxy */ = {
			isa = PBXContainerItemProxy;
			containerPortal = 922E54731946C78200449332 /* Project object */;
			proxyType = 1;
			remoteGlobalIDString = 922E547A1946C78200449332;
			remoteInfo = SAScrollingHelper;
		};
/* End PBXContainerItemProxy section */

/* Begin PBXFileReference section */
		922E547B1946C78200449332 /* SAScrollingHelper.app */ = {isa = PBXFileReference; explicitFileType = wrapper.application; includeInIndex = 0; path = SAScrollingHelper.app; sourceTree = BUILT_PRODUCTS_DIR; };
		922E547F1946C78200449332 /* Info.plist */ = {isa = PBXFileReference; lastKnownFileType = text.plist.xml; path = Info.plist; sourceTree = "<group>"; };
		922E54801946C78200449332 /* main.m */ = {isa = PBXFileReference; lastKnownFileType = sourcecode.c.objc; path = main.m; sourceTree = "<group>"; };
		922E54821946C78200449332 /* AppDelegate.h */ = {isa = PBXFileReference; lastKnownFileType = sourcecode.c.h; path = AppDelegate.h; sourceTree = "<group>"; };
		922E54831946C78200449332 /* AppDelegate.m */ = {isa = PBXFileReference; lastKnownFileType = sourcecode.c.objc; path = AppDelegate.m; sourceTree = "<group>"; };
		922E54851946C78200449332 /* Images.xcassets */ = {isa = PBXFileReference; lastKnownFileType = folder.assetcatalog; path = Images.xcassets; sourceTree = "<group>"; };
		922E548B1946C78200449332 /* SAScrollingHelperTests.xctest */ = {isa = PBXFileReference; explicitFileType = wrapper.cfbundle; includeInIndex = 0; path = SAScrollingHelperTests.xctest; sourceTree = BUILT_PRODUCTS_DIR; };
		922E549B1946C7F700449332 /* SADemo01ViewController.h */ = {isa = PBXFileReference; fileEncoding = 4; lastKnownFileType = sourcecode.c.h; path = SADemo01ViewController.h; sourceTree = "<group>"; };
		922E549C1946C7F700449332 /* SADemo01ViewController.m */ = {isa = PBXFileReference; fileEncoding = 4; lastKnownFileType = sourcecode.c.objc; path = SADemo01ViewController.m; sourceTree = "<group>"; };
		922E549E1946C8DB00449332 /* SAScrollingHelper.h */ = {isa = PBXFileReference; fileEncoding = 4; lastKnownFileType = sourcecode.c.h; path = SAScrollingHelper.h; sourceTree = "<group>"; };
		922E549F1946C8DB00449332 /* SAScrollingHelper.m */ = {isa = PBXFileReference; fileEncoding = 4; lastKnownFileType = sourcecode.c.objc; path = SAScrollingHelper.m; sourceTree = "<group>"; };
		92CC1C2C1946FE2D00B4554F /* UIColor+FlatUIColors.h */ = {isa = PBXFileReference; fileEncoding = 4; lastKnownFileType = sourcecode.c.h; path = "UIColor+FlatUIColors.h"; sourceTree = "<group>"; };
		92CC1C2D1946FE2D00B4554F /* UIColor+FlatUIColors.m */ = {isa = PBXFileReference; fileEncoding = 4; lastKnownFileType = sourcecode.c.objc; path = "UIColor+FlatUIColors.m"; sourceTree = "<group>"; };
		92E2DEAC1A19A48800477DD5 /* SADemo02ViewController.h */ = {isa = PBXFileReference; fileEncoding = 4; lastKnownFileType = sourcecode.c.h; path = SADemo02ViewController.h; sourceTree = "<group>"; };
		92E2DEAD1A19A48800477DD5 /* SADemo02ViewController.m */ = {isa = PBXFileReference; fileEncoding = 4; lastKnownFileType = sourcecode.c.objc; path = SADemo02ViewController.m; sourceTree = "<group>"; };
		92ECBA891948563C00AFB10E /* SATopViewController.h */ = {isa = PBXFileReference; fileEncoding = 4; lastKnownFileType = sourcecode.c.h; path = SATopViewController.h; sourceTree = "<group>"; };
		92ECBA8A1948563C00AFB10E /* SATopViewController.m */ = {isa = PBXFileReference; fileEncoding = 4; lastKnownFileType = sourcecode.c.objc; path = SATopViewController.m; sourceTree = "<group>"; };
/* End PBXFileReference section */

/* Begin PBXFrameworksBuildPhase section */
		922E54781946C78200449332 /* Frameworks */ = {
			isa = PBXFrameworksBuildPhase;
			buildActionMask = 2147483647;
			files = (
			);
			runOnlyForDeploymentPostprocessing = 0;
		};
		922E54881946C78200449332 /* Frameworks */ = {
			isa = PBXFrameworksBuildPhase;
			buildActionMask = 2147483647;
			files = (
			);
			runOnlyForDeploymentPostprocessing = 0;
		};
/* End PBXFrameworksBuildPhase section */

/* Begin PBXGroup section */
		922E54721946C78200449332 = {
			isa = PBXGroup;
			children = (
				922E547D1946C78200449332 /* SAScrollingHelper */,
				922E547C1946C78200449332 /* Products */,
			);
			sourceTree = "<group>";
		};
		922E547C1946C78200449332 /* Products */ = {
			isa = PBXGroup;
			children = (
				922E547B1946C78200449332 /* SAScrollingHelper.app */,
				922E548B1946C78200449332 /* SAScrollingHelperTests.xctest */,
			);
			name = Products;
			sourceTree = "<group>";
		};
		922E547D1946C78200449332 /* SAScrollingHelper */ = {
			isa = PBXGroup;
			children = (
				922E54821946C78200449332 /* AppDelegate.h */,
				922E54831946C78200449332 /* AppDelegate.m */,
				92ECBA891948563C00AFB10E /* SATopViewController.h */,
				92ECBA8A1948563C00AFB10E /* SATopViewController.m */,
				922E549B1946C7F700449332 /* SADemo01ViewController.h */,
				922E549C1946C7F700449332 /* SADemo01ViewController.m */,
				92E2DEAC1A19A48800477DD5 /* SADemo02ViewController.h */,
				92E2DEAD1A19A48800477DD5 /* SADemo02ViewController.m */,
				922E549E1946C8DB00449332 /* SAScrollingHelper.h */,
				922E549F1946C8DB00449332 /* SAScrollingHelper.m */,
				92CC1C2C1946FE2D00B4554F /* UIColor+FlatUIColors.h */,
				92CC1C2D1946FE2D00B4554F /* UIColor+FlatUIColors.m */,
				922E54851946C78200449332 /* Images.xcassets */,
				922E547E1946C78200449332 /* Supporting Files */,
			);
			path = SAScrollingHelper;
			sourceTree = "<group>";
		};
		922E547E1946C78200449332 /* Supporting Files */ = {
			isa = PBXGroup;
			children = (
				922E547F1946C78200449332 /* Info.plist */,
				922E54801946C78200449332 /* main.m */,
			);
			name = "Supporting Files";
			sourceTree = "<group>";
		};
/* End PBXGroup section */

/* Begin PBXNativeTarget section */
		922E547A1946C78200449332 /* SAScrollingHelper */ = {
			isa = PBXNativeTarget;
			buildConfigurationList = 922E54951946C78200449332 /* Build configuration list for PBXNativeTarget "SAScrollingHelper" */;
			buildPhases = (
				922E54771946C78200449332 /* Sources */,
				922E54781946C78200449332 /* Frameworks */,
				922E54791946C78200449332 /* Resources */,
			);
			buildRules = (
			);
			dependencies = (
			);
			name = SAScrollingHelper;
			productName = SAScrollingHelper;
			productReference = 922E547B1946C78200449332 /* SAScrollingHelper.app */;
			productType = "com.apple.product-type.application";
		};
		922E548A1946C78200449332 /* SAScrollingHelperTests */ = {
			isa = PBXNativeTarget;
			buildConfigurationList = 922E54981946C78200449332 /* Build configuration list for PBXNativeTarget "SAScrollingHelperTests" */;
			buildPhases = (
				922E54871946C78200449332 /* Sources */,
				922E54881946C78200449332 /* Frameworks */,
				922E54891946C78200449332 /* Resources */,
			);
			buildRules = (
			);
			dependencies = (
				922E548D1946C78200449332 /* PBXTargetDependency */,
			);
			name = SAScrollingHelperTests;
			productName = SAScrollingHelperTests;
			productReference = 922E548B1946C78200449332 /* SAScrollingHelperTests.xctest */;
			productType = "com.apple.product-type.bundle.unit-test";
		};
/* End PBXNativeTarget section */

/* Begin PBXProject section */
		922E54731946C78200449332 /* Project object */ = {
			isa = PBXProject;
			attributes = {
				LastUpgradeCheck = 0600;
				ORGANIZATIONNAME = "Yoshihiro Kato";
				TargetAttributes = {
					922E547A1946C78200449332 = {
						CreatedOnToolsVersion = 6.0;
					};
					922E548A1946C78200449332 = {
						CreatedOnToolsVersion = 6.0;
						TestTargetID = 922E547A1946C78200449332;
					};
				};
			};
			buildConfigurationList = 922E54761946C78200449332 /* Build configuration list for PBXProject "SAScrollingHelper" */;
			compatibilityVersion = "Xcode 3.2";
			developmentRegion = English;
			hasScannedForEncodings = 0;
			knownRegions = (
				en,
			);
			mainGroup = 922E54721946C78200449332;
			productRefGroup = 922E547C1946C78200449332 /* Products */;
			projectDirPath = "";
			projectRoot = "";
			targets = (
				922E547A1946C78200449332 /* SAScrollingHelper */,
				922E548A1946C78200449332 /* SAScrollingHelperTests */,
			);
		};
/* End PBXProject section */

/* Begin PBXResourcesBuildPhase section */
		922E54791946C78200449332 /* Resources */ = {
			isa = PBXResourcesBuildPhase;
			buildActionMask = 2147483647;
			files = (
				922E54861946C78200449332 /* Images.xcassets in Resources */,
			);
			runOnlyForDeploymentPostprocessing = 0;
		};
		922E54891946C78200449332 /* Resources */ = {
			isa = PBXResourcesBuildPhase;
			buildActionMask = 2147483647;
			files = (
			);
			runOnlyForDeploymentPostprocessing = 0;
		};
/* End PBXResourcesBuildPhase section */

/* Begin PBXSourcesBuildPhase section */
		922E54771946C78200449332 /* Sources */ = {
			isa = PBXSourcesBuildPhase;
			buildActionMask = 2147483647;
			files = (
				92E2DEAE1A19A48800477DD5 /* SADemo02ViewController.m in Sources */,
				922E54841946C78200449332 /* AppDelegate.m in Sources */,
				922E549D1946C7F700449332 /* SADemo01ViewController.m in Sources */,
				92CC1C2E1946FE2D00B4554F /* UIColor+FlatUIColors.m in Sources */,
				922E54A01946C8DB00449332 /* SAScrollingHelper.m in Sources */,
				92ECBA8B1948563C00AFB10E /* SATopViewController.m in Sources */,
				922E54811946C78200449332 /* main.m in Sources */,
			);
			runOnlyForDeploymentPostprocessing = 0;
		};
		922E54871946C78200449332 /* Sources */ = {
			isa = PBXSourcesBuildPhase;
			buildActionMask = 2147483647;
			files = (
			);
			runOnlyForDeploymentPostprocessing = 0;
		};
/* End PBXSourcesBuildPhase section */

/* Begin PBXTargetDependency section */
		922E548D1946C78200449332 /* PBXTargetDependency */ = {
			isa = PBXTargetDependency;
			target = 922E547A1946C78200449332 /* SAScrollingHelper */;
			targetProxy = 922E548C1946C78200449332 /* PBXContainerItemProxy */;
		};
/* End PBXTargetDependency section */

/* Begin XCBuildConfiguration section */
		922E54931946C78200449332 /* Debug */ = {
			isa = XCBuildConfiguration;
			buildSettings = {
				ALWAYS_SEARCH_USER_PATHS = NO;
				CLANG_CXX_LANGUAGE_STANDARD = "gnu++0x";
				CLANG_CXX_LIBRARY = "libc++";
				CLANG_ENABLE_MODULES = YES;
				CLANG_ENABLE_OBJC_ARC = YES;
				CLANG_WARN_BOOL_CONVERSION = YES;
				CLANG_WARN_CONSTANT_CONVERSION = YES;
				CLANG_WARN_DIRECT_OBJC_ISA_USAGE = YES_ERROR;
				CLANG_WARN_EMPTY_BODY = YES;
				CLANG_WARN_ENUM_CONVERSION = YES;
				CLANG_WARN_INT_CONVERSION = YES;
				CLANG_WARN_OBJC_ROOT_CLASS = YES_ERROR;
				CLANG_WARN_UNREACHABLE_CODE = YES;
				CLANG_WARN__DUPLICATE_METHOD_MATCH = YES;
				"CODE_SIGN_IDENTITY[sdk=iphoneos*]" = "iPhone Developer";
				COPY_PHASE_STRIP = NO;
				ENABLE_STRICT_OBJC_MSGSEND = YES;
				GCC_C_LANGUAGE_STANDARD = gnu99;
				GCC_DYNAMIC_NO_PIC = NO;
				GCC_OPTIMIZATION_LEVEL = 0;
				GCC_PREPROCESSOR_DEFINITIONS = (
					"DEBUG=1",
					"$(inherited)",
				);
				GCC_SYMBOLS_PRIVATE_EXTERN = NO;
				GCC_WARN_64_TO_32_BIT_CONVERSION = YES;
				GCC_WARN_ABOUT_RETURN_TYPE = YES_ERROR;
				GCC_WARN_UNDECLARED_SELECTOR = YES;
				GCC_WARN_UNINITIALIZED_AUTOS = YES_AGGRESSIVE;
				GCC_WARN_UNUSED_FUNCTION = YES;
				GCC_WARN_UNUSED_VARIABLE = YES;
				IPHONEOS_DEPLOYMENT_TARGET = 7.0;
				METAL_ENABLE_DEBUG_INFO = YES;
				ONLY_ACTIVE_ARCH = YES;
				SDKROOT = iphoneos;
			};
			name = Debug;
		};
		922E54941946C78200449332 /* Release */ = {
			isa = XCBuildConfiguration;
			buildSettings = {
				ALWAYS_SEARCH_USER_PATHS = NO;
				CLANG_CXX_LANGUAGE_STANDARD = "gnu++0x";
				CLANG_CXX_LIBRARY = "libc++";
				CLANG_ENABLE_MODULES = YES;
				CLANG_ENABLE_OBJC_ARC = YES;
				CLANG_WARN_BOOL_CONVERSION = YES;
				CLANG_WARN_CONSTANT_CONVERSION = YES;
				CLANG_WARN_DIRECT_OBJC_ISA_USAGE = YES_ERROR;
				CLANG_WARN_EMPTY_BODY = YES;
				CLANG_WARN_ENUM_CONVERSION = YES;
				CLANG_WARN_INT_CONVERSION = YES;
				CLANG_WARN_OBJC_ROOT_CLASS = YES_ERROR;
				CLANG_WARN_UNREACHABLE_CODE = YES;
				CLANG_WARN__DUPLICATE_METHOD_MATCH = YES;
				"CODE_SIGN_IDENTITY[sdk=iphoneos*]" = "iPhone Developer";
				COPY_PHASE_STRIP = YES;
				ENABLE_NS_ASSERTIONS = NO;
				ENABLE_STRICT_OBJC_MSGSEND = YES;
				GCC_C_LANGUAGE_STANDARD = gnu99;
				GCC_WARN_64_TO_32_BIT_CONVERSION = YES;
				GCC_WARN_ABOUT_RETURN_TYPE = YES_ERROR;
				GCC_WARN_UNDECLARED_SELECTOR = YES;
				GCC_WARN_UNINITIALIZED_AUTOS = YES_AGGRESSIVE;
				GCC_WARN_UNUSED_FUNCTION = YES;
				GCC_WARN_UNUSED_VARIABLE = YES;
				IPHONEOS_DEPLOYMENT_TARGET = 7.0;
				METAL_ENABLE_DEBUG_INFO = NO;
				SDKROOT = iphoneos;
				VALIDATE_PRODUCT = YES;
			};
			name = Release;
		};
		922E54961946C78200449332 /* Debug */ = {
			isa = XCBuildConfiguration;
			buildSettings = {
				ASSETCATALOG_COMPILER_APPICON_NAME = AppIcon;
				ASSETCATALOG_COMPILER_LAUNCHIMAGE_NAME = LaunchImage;
				INFOPLIST_FILE = SAScrollingHelper/Info.plist;
				LD_RUNPATH_SEARCH_PATHS = "$(inherited) @executable_path/Frameworks";
				PRODUCT_NAME = SAScrollingHelper;
			};
			name = Debug;
		};
		922E54971946C78200449332 /* Release */ = {
			isa = XCBuildConfiguration;
			buildSettings = {
				ASSETCATALOG_COMPILER_APPICON_NAME = AppIcon;
				ASSETCATALOG_COMPILER_LAUNCHIMAGE_NAME = LaunchImage;
				INFOPLIST_FILE = SAScrollingHelper/Info.plist;
				LD_RUNPATH_SEARCH_PATHS = "$(inherited) @executable_path/Frameworks";
				PRODUCT_NAME = SAScrollingHelper;
			};
			name = Release;
		};
		922E54991946C78200449332 /* Debug */ = {
			isa = XCBuildConfiguration;
			buildSettings = {
				BUNDLE_LOADER = "$(BUILT_PRODUCTS_DIR)/SAScrollingHelper.app/SAScrollingHelper";
				FRAMEWORK_SEARCH_PATHS = (
					"$(SDKROOT)/Developer/Library/Frameworks",
					"$(inherited)",
				);
				GCC_PREPROCESSOR_DEFINITIONS = (
					"DEBUG=1",
					"$(inherited)",
				);
				INFOPLIST_FILE = SAScrollingHelperTests/Info.plist;
				LD_RUNPATH_SEARCH_PATHS = "$(inherited) @executable_path/Frameworks @loader_path/Frameworks";
				METAL_ENABLE_DEBUG_INFO = YES;
				PRODUCT_NAME = SAScrollingHelperTests;
				TEST_HOST = "$(BUNDLE_LOADER)";
			};
			name = Debug;
		};
		922E549A1946C78200449332 /* Release */ = {
			isa = XCBuildConfiguration;
			buildSettings = {
				BUNDLE_LOADER = "$(BUILT_PRODUCTS_DIR)/SAScrollingHelper.app/SAScrollingHelper";
				FRAMEWORK_SEARCH_PATHS = (
					"$(SDKROOT)/Developer/Library/Frameworks",
					"$(inherited)",
				);
				INFOPLIST_FILE = SAScrollingHelperTests/Info.plist;
				LD_RUNPATH_SEARCH_PATHS = "$(inherited) @executable_path/Frameworks @loader_path/Frameworks";
				METAL_ENABLE_DEBUG_INFO = NO;
				PRODUCT_NAME = SAScrollingHelperTests;
				TEST_HOST = "$(BUNDLE_LOADER)";
			};
			name = Release;
		};
/* End XCBuildConfiguration section */

/* Begin XCConfigurationList section */
		922E54761946C78200449332 /* Build configuration list for PBXProject "SAScrollingHelper" */ = {
			isa = XCConfigurationList;
			buildConfigurations = (
				922E54931946C78200449332 /* Debug */,
				922E54941946C78200449332 /* Release */,
			);
			defaultConfigurationIsVisible = 0;
			defaultConfigurationName = Release;
		};
		922E54951946C78200449332 /* Build configuration list for PBXNativeTarget "SAScrollingHelper" */ = {
			isa = XCConfigurationList;
			buildConfigurations = (
				922E54961946C78200449332 /* Debug */,
				922E54971946C78200449332 /* Release */,
			);
			defaultConfigurationIsVisible = 0;
			defaultConfigurationName = Release;
		};
		922E54981946C78200449332 /* Build configuration list for PBXNativeTarget "SAScrollingHelperTests" */ = {
			isa = XCConfigurationList;
			buildConfigurations = (
				922E54991946C78200449332 /* Debug */,
				922E549A1946C78200449332 /* Release */,
			);
			defaultConfigurationIsVisible = 0;
			defaultConfigurationName = Release;
		};
/* End XCConfigurationList section */
	};
	rootObject = 922E54731946C78200449332 /* Project object */;
}
